
Microsoft Visual Studio Solution File, Format Version 12.00
# Visual Studio Version 17
VisualStudioVersion = 17.0.31903.59
MinimumVisualStudioVersion = 10.0.40219.1
Project("{FAE04EC0-301F-11D3-BF4B-00C04F79EFBC}") = "Day01", "Day01\Day01.csproj", "{F65176E6-D293-42E6-BC7A-885B8E8A49CD}"
EndProject
Project("{FAE04EC0-301F-11D3-BF4B-00C04F79EFBC}") = "Day02", "Day02\Day02.csproj", "{6EE48784-CB6B-4365-9229-45B369FF7A54}"
EndProject
Project("{FAE04EC0-301F-11D3-BF4B-00C04F79EFBC}") = "Day03", "Day03\Day03.csproj", "{EF608B40-FE5E-426F-BEE2-A4F01C3A760E}"
EndProject
Global
	GlobalSection(SolutionConfigurationPlatforms) = preSolution
		Debug|Any CPU = Debug|Any CPU
		Release|Any CPU = Release|Any CPU
	EndGlobalSection
	GlobalSection(SolutionProperties) = preSolution
		HideSolutionNode = FALSE
	EndGlobalSection
	GlobalSection(ProjectConfigurationPlatforms) = postSolution
		{F65176E6-D293-42E6-BC7A-885B8E8A49CD}.Debug|Any CPU.ActiveCfg = Debug|Any CPU
		{F65176E6-D293-42E6-BC7A-885B8E8A49CD}.Debug|Any CPU.Build.0 = Debug|Any CPU
		{F65176E6-D293-42E6-BC7A-885B8E8A49CD}.Release|Any CPU.ActiveCfg = Release|Any CPU
		{F65176E6-D293-42E6-BC7A-885B8E8A49CD}.Release|Any CPU.Build.0 = Release|Any CPU
		{6EE48784-CB6B-4365-9229-45B369FF7A54}.Debug|Any CPU.ActiveCfg = Debug|Any CPU
		{6EE48784-CB6B-4365-9229-45B369FF7A54}.Debug|Any CPU.Build.0 = Debug|Any CPU
		{6EE48784-CB6B-4365-9229-45B369FF7A54}.Release|Any CPU.ActiveCfg = Release|Any CPU
		{6EE48784-CB6B-4365-9229-45B369FF7A54}.Release|Any CPU.Build.0 = Release|Any CPU
		{EF608B40-FE5E-426F-BEE2-A4F01C3A760E}.Debug|Any CPU.ActiveCfg = Debug|Any CPU
		{EF608B40-FE5E-426F-BEE2-A4F01C3A760E}.Debug|Any CPU.Build.0 = Debug|Any CPU
		{EF608B40-FE5E-426F-BEE2-A4F01C3A760E}.Release|Any CPU.ActiveCfg = Release|Any CPU
		{EF608B40-FE5E-426F-BEE2-A4F01C3A760E}.Release|Any CPU.Build.0 = Release|Any CPU
	EndGlobalSection
EndGlobal
