
Microsoft Visual Studio Solution File, Format Version 12.00
# Visual Studio Version 17
VisualStudioVersion = 17.0.31903.59
MinimumVisualStudioVersion = 10.0.40219.1
Project("{FAE04EC0-301F-11D3-BF4B-00C04F79EFBC}") = "Day01", "Day01\Day01.csproj", "{F65176E6-D293-42E6-BC7A-885B8E8A49CD}"
EndProject
Project("{FAE04EC0-301F-11D3-BF4B-00C04F79EFBC}") = "Day02", "Day02\Day02.csproj", "{6EE48784-CB6B-4365-9229-45B369FF7A54}"
EndProject
Project("{FAE04EC0-301F-11D3-BF4B-00C04F79EFBC}") = "Day03", "Day03\Day03.csproj", "{EF608B40-FE5E-426F-BEE2-A4F01C3A760E}"
EndProject
Project("{FAE04EC0-301F-11D3-BF4B-00C04F79EFBC}") = "Day04", "Day04\Day04.csproj", "{98C3AA5D-CC64-4BDE-B1BF-8706251EBDFE}"
EndProject
Project("{FAE04EC0-301F-11D3-BF4B-00C04F79EFBC}") = "Day05", "Day05\Day05.csproj", "{BCBBAEF2-1B36-47D5-8EDC-4CD917C08E15}"
EndProject
Project("{FAE04EC0-301F-11D3-BF4B-00C04F79EFBC}") = "Day06", "Day06\Day06.csproj", "{15B579CE-41E3-4BCD-93FF-308A94FE991C}"
EndProject
Project("{FAE04EC0-301F-11D3-BF4B-00C04F79EFBC}") = "Day07", "Day07\Day07.csproj", "{0C7B7400-B47C-441A-80AE-062A6F165043}"
EndProject
Project("{FAE04EC0-301F-11D3-BF4B-00C04F79EFBC}") = "Day08", "Day08\Day08.csproj", "{7679356E-FB49-42BB-8445-6B69FB6DEFFA}"
EndProject
Project("{FAE04EC0-301F-11D3-BF4B-00C04F79EFBC}") = "Day09", "Day09\Day09.csproj", "{0D635738-3A06-4333-9E0E-508F977B55F9}"
EndProject
Project("{FAE04EC0-301F-11D3-BF4B-00C04F79EFBC}") = "Day10", "Day10\Day10.csproj", "{2429D090-51AD-4A00-9748-6246DEB03BDC}"
EndProject
Project("{FAE04EC0-301F-11D3-BF4B-00C04F79EFBC}") = "Day11", "Day11\Day11.csproj", "{44CDD0EC-886F-4F4C-9781-AB1CC42B1560}"
EndProject
Project("{FAE04EC0-301F-11D3-BF4B-00C04F79EFBC}") = "Day12", "Day12\Day12.csproj", "{A224653E-7117-4AC7-90FE-A8D391EB9F1B}"
EndProject
Project("{FAE04EC0-301F-11D3-BF4B-00C04F79EFBC}") = "Day13", "Day13\Day13.csproj", "{789A2505-D59D-48F8-B495-DAD72F5D2B2F}"
EndProject
Project("{FAE04EC0-301F-11D3-BF4B-00C04F79EFBC}") = "Day14", "Day14\Day14.csproj", "{AF527D78-A0EB-49A1-90AE-CD333F194AC8}"
EndProject
Project("{FAE04EC0-301F-11D3-BF4B-00C04F79EFBC}") = "Day15", "Day15\Day15.csproj", "{01E9CD9F-85DA-4766-AD3E-2DD26EC86702}"
EndProject
Project("{FAE04EC0-301F-11D3-BF4B-00C04F79EFBC}") = "Day22", "Day22\Day22.csproj", "{581092FC-9E31-4B5F-9DEA-2446DB6298E8}"
EndProject
Project("{FAE04EC0-301F-11D3-BF4B-00C04F79EFBC}") = "Day21", "Day21\Day21.csproj", "{C612DC61-F5DD-46EA-A2C1-18BB580CF284}"
EndProject
Project("{FAE04EC0-301F-11D3-BF4B-00C04F79EFBC}") = "Day24", "Day24\Day24.csproj", "{31528C02-4104-4A49-A211-52E5783C6E78}"
EndProject
Project("{FAE04EC0-301F-11D3-BF4B-00C04F79EFBC}") = "Day23", "Day23\Day23.csproj", "{89D7AEFA-DA6F-49FD-A79C-2036034BF95D}"
EndProject
Global
	GlobalSection(SolutionConfigurationPlatforms) = preSolution
		Debug|Any CPU = Debug|Any CPU
		Release|Any CPU = Release|Any CPU
	EndGlobalSection
	GlobalSection(SolutionProperties) = preSolution
		HideSolutionNode = FALSE
	EndGlobalSection
	GlobalSection(ProjectConfigurationPlatforms) = postSolution
		{F65176E6-D293-42E6-BC7A-885B8E8A49CD}.Debug|Any CPU.ActiveCfg = Debug|Any CPU
		{F65176E6-D293-42E6-BC7A-885B8E8A49CD}.Debug|Any CPU.Build.0 = Debug|Any CPU
		{F65176E6-D293-42E6-BC7A-885B8E8A49CD}.Release|Any CPU.ActiveCfg = Release|Any CPU
		{F65176E6-D293-42E6-BC7A-885B8E8A49CD}.Release|Any CPU.Build.0 = Release|Any CPU
		{6EE48784-CB6B-4365-9229-45B369FF7A54}.Debug|Any CPU.ActiveCfg = Debug|Any CPU
		{6EE48784-CB6B-4365-9229-45B369FF7A54}.Debug|Any CPU.Build.0 = Debug|Any CPU
		{6EE48784-CB6B-4365-9229-45B369FF7A54}.Release|Any CPU.ActiveCfg = Release|Any CPU
		{6EE48784-CB6B-4365-9229-45B369FF7A54}.Release|Any CPU.Build.0 = Release|Any CPU
		{EF608B40-FE5E-426F-BEE2-A4F01C3A760E}.Debug|Any CPU.ActiveCfg = Debug|Any CPU
		{EF608B40-FE5E-426F-BEE2-A4F01C3A760E}.Debug|Any CPU.Build.0 = Debug|Any CPU
		{EF608B40-FE5E-426F-BEE2-A4F01C3A760E}.Release|Any CPU.ActiveCfg = Release|Any CPU
		{EF608B40-FE5E-426F-BEE2-A4F01C3A760E}.Release|Any CPU.Build.0 = Release|Any CPU
		{98C3AA5D-CC64-4BDE-B1BF-8706251EBDFE}.Debug|Any CPU.ActiveCfg = Debug|Any CPU
		{98C3AA5D-CC64-4BDE-B1BF-8706251EBDFE}.Debug|Any CPU.Build.0 = Debug|Any CPU
		{98C3AA5D-CC64-4BDE-B1BF-8706251EBDFE}.Release|Any CPU.ActiveCfg = Release|Any CPU
		{98C3AA5D-CC64-4BDE-B1BF-8706251EBDFE}.Release|Any CPU.Build.0 = Release|Any CPU
		{BCBBAEF2-1B36-47D5-8EDC-4CD917C08E15}.Debug|Any CPU.ActiveCfg = Debug|Any CPU
		{BCBBAEF2-1B36-47D5-8EDC-4CD917C08E15}.Debug|Any CPU.Build.0 = Debug|Any CPU
		{BCBBAEF2-1B36-47D5-8EDC-4CD917C08E15}.Release|Any CPU.ActiveCfg = Release|Any CPU
		{BCBBAEF2-1B36-47D5-8EDC-4CD917C08E15}.Release|Any CPU.Build.0 = Release|Any CPU
		{15B579CE-41E3-4BCD-93FF-308A94FE991C}.Debug|Any CPU.ActiveCfg = Debug|Any CPU
		{15B579CE-41E3-4BCD-93FF-308A94FE991C}.Debug|Any CPU.Build.0 = Debug|Any CPU
		{15B579CE-41E3-4BCD-93FF-308A94FE991C}.Release|Any CPU.ActiveCfg = Release|Any CPU
		{15B579CE-41E3-4BCD-93FF-308A94FE991C}.Release|Any CPU.Build.0 = Release|Any CPU
		{0C7B7400-B47C-441A-80AE-062A6F165043}.Debug|Any CPU.ActiveCfg = Debug|Any CPU
		{0C7B7400-B47C-441A-80AE-062A6F165043}.Debug|Any CPU.Build.0 = Debug|Any CPU
		{0C7B7400-B47C-441A-80AE-062A6F165043}.Release|Any CPU.ActiveCfg = Release|Any CPU
		{0C7B7400-B47C-441A-80AE-062A6F165043}.Release|Any CPU.Build.0 = Release|Any CPU
		{7679356E-FB49-42BB-8445-6B69FB6DEFFA}.Debug|Any CPU.ActiveCfg = Debug|Any CPU
		{7679356E-FB49-42BB-8445-6B69FB6DEFFA}.Debug|Any CPU.Build.0 = Debug|Any CPU
		{7679356E-FB49-42BB-8445-6B69FB6DEFFA}.Release|Any CPU.ActiveCfg = Release|Any CPU
		{7679356E-FB49-42BB-8445-6B69FB6DEFFA}.Release|Any CPU.Build.0 = Release|Any CPU
		{0D635738-3A06-4333-9E0E-508F977B55F9}.Debug|Any CPU.ActiveCfg = Debug|Any CPU
		{0D635738-3A06-4333-9E0E-508F977B55F9}.Debug|Any CPU.Build.0 = Debug|Any CPU
		{0D635738-3A06-4333-9E0E-508F977B55F9}.Release|Any CPU.ActiveCfg = Release|Any CPU
		{0D635738-3A06-4333-9E0E-508F977B55F9}.Release|Any CPU.Build.0 = Release|Any CPU
		{2429D090-51AD-4A00-9748-6246DEB03BDC}.Debug|Any CPU.ActiveCfg = Debug|Any CPU
		{2429D090-51AD-4A00-9748-6246DEB03BDC}.Debug|Any CPU.Build.0 = Debug|Any CPU
		{2429D090-51AD-4A00-9748-6246DEB03BDC}.Release|Any CPU.ActiveCfg = Release|Any CPU
		{2429D090-51AD-4A00-9748-6246DEB03BDC}.Release|Any CPU.Build.0 = Release|Any CPU
		{44CDD0EC-886F-4F4C-9781-AB1CC42B1560}.Debug|Any CPU.ActiveCfg = Debug|Any CPU
		{44CDD0EC-886F-4F4C-9781-AB1CC42B1560}.Debug|Any CPU.Build.0 = Debug|Any CPU
		{44CDD0EC-886F-4F4C-9781-AB1CC42B1560}.Release|Any CPU.ActiveCfg = Release|Any CPU
		{44CDD0EC-886F-4F4C-9781-AB1CC42B1560}.Release|Any CPU.Build.0 = Release|Any CPU
		{A224653E-7117-4AC7-90FE-A8D391EB9F1B}.Debug|Any CPU.ActiveCfg = Debug|Any CPU
		{A224653E-7117-4AC7-90FE-A8D391EB9F1B}.Debug|Any CPU.Build.0 = Debug|Any CPU
		{A224653E-7117-4AC7-90FE-A8D391EB9F1B}.Release|Any CPU.ActiveCfg = Release|Any CPU
		{A224653E-7117-4AC7-90FE-A8D391EB9F1B}.Release|Any CPU.Build.0 = Release|Any CPU
		{789A2505-D59D-48F8-B495-DAD72F5D2B2F}.Debug|Any CPU.ActiveCfg = Debug|Any CPU
		{789A2505-D59D-48F8-B495-DAD72F5D2B2F}.Debug|Any CPU.Build.0 = Debug|Any CPU
		{789A2505-D59D-48F8-B495-DAD72F5D2B2F}.Release|Any CPU.ActiveCfg = Release|Any CPU
		{789A2505-D59D-48F8-B495-DAD72F5D2B2F}.Release|Any CPU.Build.0 = Release|Any CPU
		{AF527D78-A0EB-49A1-90AE-CD333F194AC8}.Debug|Any CPU.ActiveCfg = Debug|Any CPU
		{AF527D78-A0EB-49A1-90AE-CD333F194AC8}.Debug|Any CPU.Build.0 = Debug|Any CPU
		{AF527D78-A0EB-49A1-90AE-CD333F194AC8}.Release|Any CPU.ActiveCfg = Release|Any CPU
		{AF527D78-A0EB-49A1-90AE-CD333F194AC8}.Release|Any CPU.Build.0 = Release|Any CPU
		{01E9CD9F-85DA-4766-AD3E-2DD26EC86702}.Debug|Any CPU.ActiveCfg = Debug|Any CPU
		{01E9CD9F-85DA-4766-AD3E-2DD26EC86702}.Debug|Any CPU.Build.0 = Debug|Any CPU
		{01E9CD9F-85DA-4766-AD3E-2DD26EC86702}.Release|Any CPU.ActiveCfg = Release|Any CPU
		{01E9CD9F-85DA-4766-AD3E-2DD26EC86702}.Release|Any CPU.Build.0 = Release|Any CPU
		{581092FC-9E31-4B5F-9DEA-2446DB6298E8}.Debug|Any CPU.ActiveCfg = Debug|Any CPU
		{581092FC-9E31-4B5F-9DEA-2446DB6298E8}.Debug|Any CPU.Build.0 = Debug|Any CPU
		{581092FC-9E31-4B5F-9DEA-2446DB6298E8}.Release|Any CPU.ActiveCfg = Release|Any CPU
		{581092FC-9E31-4B5F-9DEA-2446DB6298E8}.Release|Any CPU.Build.0 = Release|Any CPU
		{C612DC61-F5DD-46EA-A2C1-18BB580CF284}.Debug|Any CPU.ActiveCfg = Debug|Any CPU
		{C612DC61-F5DD-46EA-A2C1-18BB580CF284}.Debug|Any CPU.Build.0 = Debug|Any CPU
		{C612DC61-F5DD-46EA-A2C1-18BB580CF284}.Release|Any CPU.ActiveCfg = Release|Any CPU
		{C612DC61-F5DD-46EA-A2C1-18BB580CF284}.Release|Any CPU.Build.0 = Release|Any CPU
		{31528C02-4104-4A49-A211-52E5783C6E78}.Debug|Any CPU.ActiveCfg = Debug|Any CPU
		{31528C02-4104-4A49-A211-52E5783C6E78}.Debug|Any CPU.Build.0 = Debug|Any CPU
		{31528C02-4104-4A49-A211-52E5783C6E78}.Release|Any CPU.ActiveCfg = Release|Any CPU
		{31528C02-4104-4A49-A211-52E5783C6E78}.Release|Any CPU.Build.0 = Release|Any CPU
		{89D7AEFA-DA6F-49FD-A79C-2036034BF95D}.Debug|Any CPU.ActiveCfg = Debug|Any CPU
		{89D7AEFA-DA6F-49FD-A79C-2036034BF95D}.Debug|Any CPU.Build.0 = Debug|Any CPU
		{89D7AEFA-DA6F-49FD-A79C-2036034BF95D}.Release|Any CPU.ActiveCfg = Release|Any CPU
		{89D7AEFA-DA6F-49FD-A79C-2036034BF95D}.Release|Any CPU.Build.0 = Release|Any CPU
	EndGlobalSection
EndGlobal
